{
  "name": "@atlaskit/fabric",
  "version": "0.0.0",
  "lockfileVersion": 1,
  "requires": true,
  "dependencies": {
    "@types/node": {
      "version": "10.11.3",
      "resolved": "https://registry.npmjs.org/@types/node/-/node-10.11.3.tgz",
      "integrity": "sha512-3AvcEJAh9EMatxs+OxAlvAEs7OTy6AG94mcH1iqyVDwVVndekLxzwkWQ/Z4SDbY6GO2oyUXyWW8tQ4rENSSQVQ=="
    }
  }
}
