{
  "name": "@atlaskit/panel",
  "version": "0.0.1",
  "lockfileVersion": 1,
  "requires": true,
  "dependencies": {
    "@atlaskit/icon": {
      "version": "13.3.1",
      "resolved": "https://registry.npmjs.org/@atlaskit/icon/-/icon-13.3.1.tgz",
      "integrity": "sha512-LjwAAfYYhmG1FzNWkHrXrFkS0c0zaBbRSQPkSbDJShKEbLshwv+t8fLM/Z3jhU1Fe6Kh5fjGQrmFkF3m2VKKJA==",
      "requires": {
        "@atlaskit/theme": "6.0.1",
        "babel-runtime": "6.26.0",
        "uuid": "3.3.2"
      },
      "dependencies": {
        "@atlaskit/theme": {
          "version": "6.0.1",
          "resolved": "https://registry.npmjs.org/@atlaskit/theme/-/theme-6.0.1.tgz",
          "integrity": "sha512-3S1nmDTCgbZJqZdmo7vlb/mZzvCBU60tfD9G3mtQQn+YKByvt5SJ7hY7bENzaiKH89nLWoTf2qcA/YzEjkf7qQ==",
          "requires": {
            "prop-types": "15.6.2"
          }
        }
      }
    },
    "@atlaskit/size-detector": {
      "version": "5.0.5",
      "resolved": "https://registry.npmjs.org/@atlaskit/size-detector/-/size-detector-5.0.5.tgz",
      "integrity": "sha512-yCZXZZcrBG/D/v/gJ/c98fxp6PnOqhyYndf3c4LLotQhwfbX46IH8z6EdeyC9BOMHux+QuOKYDVww+kGfIcgHw==",
      "requires": {
        "babel-runtime": "6.26.0",
        "raf-schd": "2.1.2"
      }
    },
    "babel-runtime": {
      "version": "6.26.0",
      "resolved": "https://registry.npmjs.org/babel-runtime/-/babel-runtime-6.26.0.tgz",
      "integrity": "sha1-llxwWGaOgrVde/4E/yM3vItWR/4=",
      "requires": {
        "core-js": "2.5.7",
        "regenerator-runtime": "0.11.1"
      }
    },
    "core-js": {
      "version": "2.5.7",
      "resolved": "https://registry.npmjs.org/core-js/-/core-js-2.5.7.tgz",
      "integrity": "sha512-RszJCAxg/PP6uzXVXL6BsxSXx/B05oJAQ2vkJRjyjrEcNVycaqOmNb5OTxZPE3xa5gwZduqza6L9JOCenh/Ecw=="
    },
    "enzyme-to-json": {
      "version": "3.3.4",
      "resolved": "https://registry.npmjs.org/enzyme-to-json/-/enzyme-to-json-3.3.4.tgz",
      "integrity": "sha1-Z8YEDpMRgvGDQYry659DIyWKp38=",
      "requires": {
        "lodash": "4.17.10"
      }
    },
    "js-tokens": {
      "version": "4.0.0",
      "resolved": "https://registry.npmjs.org/js-tokens/-/js-tokens-4.0.0.tgz",
      "integrity": "sha512-RdJUflcE3cUzKiMqQgsCu06FPu9UdIJO0beYbPhHN4k6apgJtifcoCtT9bcxOpYBtpD2kCM6Sbzg4CausW/PKQ=="
    },
    "lodash": {
      "version": "4.17.10",
      "resolved": "https://registry.npmjs.org/lodash/-/lodash-4.17.10.tgz",
      "integrity": "sha512-UejweD1pDoXu+AD825lWwp4ZGtSwgnpZxb3JDViD7StjQz+Nb/6l093lx4OQ0foGWNRoc19mWy7BzL+UAK2iVg=="
    },
    "loose-envify": {
      "version": "1.4.0",
      "resolved": "https://registry.npmjs.org/loose-envify/-/loose-envify-1.4.0.tgz",
      "integrity": "sha512-lyuxPGr/Wfhrlem2CL/UcnUc1zcqKAImBDzukY7Y5F/yQiNdko6+fRLevlw1HgMySw7f611UIY408EtxRSoK3Q==",
      "requires": {
        "js-tokens": "4.0.0"
      }
    },
    "object-assign": {
      "version": "4.1.1",
      "resolved": "https://registry.npmjs.org/object-assign/-/object-assign-4.1.1.tgz",
      "integrity": "sha1-IQmtx5ZYh8/AXLvUQsrIv7s2CGM="
    },
    "prop-types": {
      "version": "15.6.2",
      "resolved": "https://registry.npmjs.org/prop-types/-/prop-types-15.6.2.tgz",
      "integrity": "sha512-3pboPvLiWD7dkI3qf3KbUe6hKFKa52w+AE0VCqECtf+QHAKgOL37tTaNCnuX1nAAQ4ZhyP+kYVKf8rLmJ/feDQ==",
      "requires": {
        "loose-envify": "1.4.0",
        "object-assign": "4.1.1"
      }
    },
    "raf-schd": {
      "version": "2.1.2",
      "resolved": "https://registry.npmjs.org/raf-schd/-/raf-schd-2.1.2.tgz",
      "integrity": "sha512-Orl0IEvMtUCgPddgSxtxreK77UiQz4nPYJy9RggVzu4mKsZkQWiAaG1y9HlYWdvm9xtN348xRaT37qkvL/+A+g=="
    },
    "regenerator-runtime": {
      "version": "0.11.1",
      "resolved": "https://registry.npmjs.org/regenerator-runtime/-/regenerator-runtime-0.11.1.tgz",
      "integrity": "sha512-MguG95oij0fC3QV3URf4V2SDYGJhJnJGqvIIgdECeODCT98wSWDAJ94SSuVpYQUoTcGUIL6L4yNB7j1DFFHSBg=="
    },
    "uuid": {
      "version": "3.3.2",
      "resolved": "https://registry.npmjs.org/uuid/-/uuid-3.3.2.tgz",
      "integrity": "sha512-yXJmeNaw3DnnKAOKJE51sL/ZaYfWJRl1pK9dr19YFCu0ObS231AB1/LbqTKRAQ5kw8A90rA6fr4riOUpTZvQZA=="
    }
  }
}
